
Microsoft Visual Studio Solution File, Format Version 12.00
# Visual Studio 15
VisualStudioVersion = 15.0.28010.2046
MinimumVisualStudioVersion = 10.0.40219.1
Project("{FAE04EC0-301F-11D3-BF4B-00C04F79EFBC}") = "piShopCore", "piShopCore\piShopCore.csproj", "{EB31BB4D-82D2-4D96-8021-172312DB432F}"
EndProject
Global
	GlobalSection(SolutionConfigurationPlatforms) = preSolution
		Debug|Any CPU = Debug|Any CPU
		Release|Any CPU = Release|Any CPU
	EndGlobalSection
	GlobalSection(ProjectConfigurationPlatforms) = postSolution
		{EB31BB4D-82D2-4D96-8021-172312DB432F}.Debug|Any CPU.ActiveCfg = Debug|Any CPU
		{EB31BB4D-82D2-4D96-8021-172312DB432F}.Debug|Any CPU.Build.0 = Debug|Any CPU
		{EB31BB4D-82D2-4D96-8021-172312DB432F}.Release|Any CPU.ActiveCfg = Release|Any CPU
		{EB31BB4D-82D2-4D96-8021-172312DB432F}.Release|Any CPU.Build.0 = Release|Any CPU
	EndGlobalSection
	GlobalSection(SolutionProperties) = preSolution
		HideSolutionNode = FALSE
	EndGlobalSection
	GlobalSection(ExtensibilityGlobals) = postSolution
		SolutionGuid = {9CEC7AC7-942E-4FFF-9B9D-C47F1E04502A}
	EndGlobalSection
EndGlobal
